
Microsoft Visual Studio Solution File, Format Version 12.00
# Visual Studio Version 17
VisualStudioVersion = 17.11.35431.28
MinimumVisualStudioVersion = 10.0.40219.1
Project("{FAE04EC0-301F-11D3-BF4B-00C04F79EFBC}") = "PL", "PL\PL.csproj", "{521EEEF2-61AF-49BF-8538-69E6AC71F33E}"
EndProject
Project("{FAE04EC0-301F-11D3-BF4B-00C04F79EFBC}") = "Entity", "Entity\Entity.csproj", "{0D51E621-0233-4C62-901F-88BC01098E4D}"
EndProject
Project("{FAE04EC0-301F-11D3-BF4B-00C04F79EFBC}") = "Mapper", "Mapper\Mapper.csproj", "{19F96091-8E7D-4D78-932F-920B17545382}"
EndProject
Project("{FAE04EC0-301F-11D3-BF4B-00C04F79EFBC}") = "DAL", "DAL\DAL.csproj", "{C8E5F955-0C10-4157-8FEA-D74FB91C0E72}"
EndProject
Project("{FAE04EC0-301F-11D3-BF4B-00C04F79EFBC}") = "BLL", "BLL\BLL.csproj", "{B6E23797-067A-4A53-AF1C-27BD98D9584F}"
EndProject
Global
	GlobalSection(SolutionConfigurationPlatforms) = preSolution
		Debug|Any CPU = Debug|Any CPU
		Release|Any CPU = Release|Any CPU
	EndGlobalSection
	GlobalSection(ProjectConfigurationPlatforms) = postSolution
		{521EEEF2-61AF-49BF-8538-69E6AC71F33E}.Debug|Any CPU.ActiveCfg = Debug|Any CPU
		{521EEEF2-61AF-49BF-8538-69E6AC71F33E}.Debug|Any CPU.Build.0 = Debug|Any CPU
		{521EEEF2-61AF-49BF-8538-69E6AC71F33E}.Release|Any CPU.ActiveCfg = Release|Any CPU
		{521EEEF2-61AF-49BF-8538-69E6AC71F33E}.Release|Any CPU.Build.0 = Release|Any CPU
		{0D51E621-0233-4C62-901F-88BC01098E4D}.Debug|Any CPU.ActiveCfg = Debug|Any CPU
		{0D51E621-0233-4C62-901F-88BC01098E4D}.Debug|Any CPU.Build.0 = Debug|Any CPU
		{0D51E621-0233-4C62-901F-88BC01098E4D}.Release|Any CPU.ActiveCfg = Release|Any CPU
		{0D51E621-0233-4C62-901F-88BC01098E4D}.Release|Any CPU.Build.0 = Release|Any CPU
		{19F96091-8E7D-4D78-932F-920B17545382}.Debug|Any CPU.ActiveCfg = Debug|Any CPU
		{19F96091-8E7D-4D78-932F-920B17545382}.Debug|Any CPU.Build.0 = Debug|Any CPU
		{19F96091-8E7D-4D78-932F-920B17545382}.Release|Any CPU.ActiveCfg = Release|Any CPU
		{19F96091-8E7D-4D78-932F-920B17545382}.Release|Any CPU.Build.0 = Release|Any CPU
		{C8E5F955-0C10-4157-8FEA-D74FB91C0E72}.Debug|Any CPU.ActiveCfg = Debug|Any CPU
		{C8E5F955-0C10-4157-8FEA-D74FB91C0E72}.Debug|Any CPU.Build.0 = Debug|Any CPU
		{C8E5F955-0C10-4157-8FEA-D74FB91C0E72}.Release|Any CPU.ActiveCfg = Release|Any CPU
		{C8E5F955-0C10-4157-8FEA-D74FB91C0E72}.Release|Any CPU.Build.0 = Release|Any CPU
		{B6E23797-067A-4A53-AF1C-27BD98D9584F}.Debug|Any CPU.ActiveCfg = Debug|Any CPU
		{B6E23797-067A-4A53-AF1C-27BD98D9584F}.Debug|Any CPU.Build.0 = Debug|Any CPU
		{B6E23797-067A-4A53-AF1C-27BD98D9584F}.Release|Any CPU.ActiveCfg = Release|Any CPU
		{B6E23797-067A-4A53-AF1C-27BD98D9584F}.Release|Any CPU.Build.0 = Release|Any CPU
	EndGlobalSection
	GlobalSection(SolutionProperties) = preSolution
		HideSolutionNode = FALSE
	EndGlobalSection
	GlobalSection(ExtensibilityGlobals) = postSolution
		SolutionGuid = {66FAE2B6-BF40-44EC-B521-E5D1BB0271E3}
	EndGlobalSection
EndGlobal
